
Microsoft Visual Studio Solution File, Format Version 12.00
# Visual Studio Version 16
VisualStudioVersion = 16.0.29001.49
MinimumVisualStudioVersion = 10.0.40219.1
Project("{FAE04EC0-301F-11D3-BF4B-00C04F79EFBC}") = "Common.DataStructures", "Common.DataStructures\Common.DataStructures.csproj", "{5443F51C-F9FD-4EE5-AA92-1C344F4A8292}"
EndProject
Project("{FAE04EC0-301F-11D3-BF4B-00C04F79EFBC}") = "Common.DataStructures.Tests", "Common.DataStructures.Tests\Common.DataStructures.Tests.csproj", "{0A4C6B73-D39C-4957-B226-3A58939A46A3}"
EndProject
Project("{2150E333-8FDC-42A3-9474-1A3956D46DE8}") = "ArraysAndStrings", "ArraysAndStrings", "{C855255E-AF4D-4848-8B4D-223F524344B4}"
EndProject
Project("{2150E333-8FDC-42A3-9474-1A3956D46DE8}") = "LinkedLists", "LinkedLists", "{D5E9AD36-89EF-41E1-9E09-DE9620763291}"
EndProject
Project("{2150E333-8FDC-42A3-9474-1A3956D46DE8}") = "RecursionAndDynamicProgramming", "RecursionAndDynamicProgramming", "{BECD7675-1B82-4D0B-8F5E-584191139CBA}"
EndProject
Project("{2150E333-8FDC-42A3-9474-1A3956D46DE8}") = "StacksAndQueues", "StacksAndQueues", "{D0FE2664-0A90-4F69-9EB0-3BC295C878C1}"
EndProject
Project("{FAE04EC0-301F-11D3-BF4B-00C04F79EFBC}") = "StackMin", "StackMin\StackMin.csproj", "{E9F10BBC-1750-47E8-92F5-8E900E7C9045}"
EndProject
Project("{FAE04EC0-301F-11D3-BF4B-00C04F79EFBC}") = "StackMin.Tests", "StackMin.Tests\StackMin.Tests.csproj", "{209F344F-E65C-4535-8E4F-0C25435417AF}"
EndProject
Project("{FAE04EC0-301F-11D3-BF4B-00C04F79EFBC}") = "PowerSet", "PowerSet\PowerSet.csproj", "{FE383C3F-B193-4F67-8B84-50ED1C01B796}"
EndProject
Project("{FAE04EC0-301F-11D3-BF4B-00C04F79EFBC}") = "TripleStep", "TripleStep\TripleStep.csproj", "{6777032D-7FA9-4D81-BEE1-F84ED978A373}"
EndProject
Project("{FAE04EC0-301F-11D3-BF4B-00C04F79EFBC}") = "TripleStep.Tests", "TripleStep.Tests\TripleStep.Tests.csproj", "{A0AF34D7-14FE-4B79-BD88-77AC7A3DD7F2}"
EndProject
Project("{FAE04EC0-301F-11D3-BF4B-00C04F79EFBC}") = "PowerSet.Tests", "PowerSet.Tests\PowerSet.Tests.csproj", "{C717EE35-F035-47F6-AF16-44923D43248E}"
EndProject
Project("{FAE04EC0-301F-11D3-BF4B-00C04F79EFBC}") = "KthToLast", "KthToLast\KthToLast.csproj", "{78D79404-0A8D-43B7-A14C-67543D05F399}"
EndProject
Project("{FAE04EC0-301F-11D3-BF4B-00C04F79EFBC}") = "RemoveDups", "RemoveDups\RemoveDups.csproj", "{A4A9FFE3-6353-47F2-90D9-D657B32D9146}"
EndProject
Project("{FAE04EC0-301F-11D3-BF4B-00C04F79EFBC}") = "RemoveDups.Tests", "RemoveDups.Tests\RemoveDups.Tests.csproj", "{52BED410-5089-402F-9D1A-ED8EB2F2B912}"
EndProject
Project("{FAE04EC0-301F-11D3-BF4B-00C04F79EFBC}") = "KthToLast.Tests", "KthToLast.Tests\KthToLast.Tests.csproj", "{DE9A5886-4270-4493-99D0-DB94BBF1D4AB}"
EndProject
Project("{FAE04EC0-301F-11D3-BF4B-00C04F79EFBC}") = "IsUnique", "IsUnique\IsUnique.csproj", "{7B1BEE82-257F-44AE-9BCF-36009783D3FE}"
EndProject
Project("{FAE04EC0-301F-11D3-BF4B-00C04F79EFBC}") = "IsUnuque.Tests", "IsUnuque.Tests\IsUnuque.Tests.csproj", "{C19E1C87-ED46-494F-9D68-4A6981C547B1}"
EndProject
Global
	GlobalSection(SolutionConfigurationPlatforms) = preSolution
		Debug|Any CPU = Debug|Any CPU
		Release|Any CPU = Release|Any CPU
	EndGlobalSection
	GlobalSection(ProjectConfigurationPlatforms) = postSolution
		{5443F51C-F9FD-4EE5-AA92-1C344F4A8292}.Debug|Any CPU.ActiveCfg = Debug|Any CPU
		{5443F51C-F9FD-4EE5-AA92-1C344F4A8292}.Debug|Any CPU.Build.0 = Debug|Any CPU
		{5443F51C-F9FD-4EE5-AA92-1C344F4A8292}.Release|Any CPU.ActiveCfg = Release|Any CPU
		{5443F51C-F9FD-4EE5-AA92-1C344F4A8292}.Release|Any CPU.Build.0 = Release|Any CPU
		{0A4C6B73-D39C-4957-B226-3A58939A46A3}.Debug|Any CPU.ActiveCfg = Debug|Any CPU
		{0A4C6B73-D39C-4957-B226-3A58939A46A3}.Debug|Any CPU.Build.0 = Debug|Any CPU
		{0A4C6B73-D39C-4957-B226-3A58939A46A3}.Release|Any CPU.ActiveCfg = Release|Any CPU
		{0A4C6B73-D39C-4957-B226-3A58939A46A3}.Release|Any CPU.Build.0 = Release|Any CPU
		{E9F10BBC-1750-47E8-92F5-8E900E7C9045}.Debug|Any CPU.ActiveCfg = Debug|Any CPU
		{E9F10BBC-1750-47E8-92F5-8E900E7C9045}.Debug|Any CPU.Build.0 = Debug|Any CPU
		{E9F10BBC-1750-47E8-92F5-8E900E7C9045}.Release|Any CPU.ActiveCfg = Release|Any CPU
		{E9F10BBC-1750-47E8-92F5-8E900E7C9045}.Release|Any CPU.Build.0 = Release|Any CPU
		{209F344F-E65C-4535-8E4F-0C25435417AF}.Debug|Any CPU.ActiveCfg = Debug|Any CPU
		{209F344F-E65C-4535-8E4F-0C25435417AF}.Debug|Any CPU.Build.0 = Debug|Any CPU
		{209F344F-E65C-4535-8E4F-0C25435417AF}.Release|Any CPU.ActiveCfg = Release|Any CPU
		{209F344F-E65C-4535-8E4F-0C25435417AF}.Release|Any CPU.Build.0 = Release|Any CPU
		{FE383C3F-B193-4F67-8B84-50ED1C01B796}.Debug|Any CPU.ActiveCfg = Debug|Any CPU
		{FE383C3F-B193-4F67-8B84-50ED1C01B796}.Debug|Any CPU.Build.0 = Debug|Any CPU
		{FE383C3F-B193-4F67-8B84-50ED1C01B796}.Release|Any CPU.ActiveCfg = Release|Any CPU
		{FE383C3F-B193-4F67-8B84-50ED1C01B796}.Release|Any CPU.Build.0 = Release|Any CPU
		{6777032D-7FA9-4D81-BEE1-F84ED978A373}.Debug|Any CPU.ActiveCfg = Debug|Any CPU
		{6777032D-7FA9-4D81-BEE1-F84ED978A373}.Debug|Any CPU.Build.0 = Debug|Any CPU
		{6777032D-7FA9-4D81-BEE1-F84ED978A373}.Release|Any CPU.ActiveCfg = Release|Any CPU
		{6777032D-7FA9-4D81-BEE1-F84ED978A373}.Release|Any CPU.Build.0 = Release|Any CPU
		{A0AF34D7-14FE-4B79-BD88-77AC7A3DD7F2}.Debug|Any CPU.ActiveCfg = Debug|Any CPU
		{A0AF34D7-14FE-4B79-BD88-77AC7A3DD7F2}.Debug|Any CPU.Build.0 = Debug|Any CPU
		{A0AF34D7-14FE-4B79-BD88-77AC7A3DD7F2}.Release|Any CPU.ActiveCfg = Release|Any CPU
		{A0AF34D7-14FE-4B79-BD88-77AC7A3DD7F2}.Release|Any CPU.Build.0 = Release|Any CPU
		{C717EE35-F035-47F6-AF16-44923D43248E}.Debug|Any CPU.ActiveCfg = Debug|Any CPU
		{C717EE35-F035-47F6-AF16-44923D43248E}.Debug|Any CPU.Build.0 = Debug|Any CPU
		{C717EE35-F035-47F6-AF16-44923D43248E}.Release|Any CPU.ActiveCfg = Release|Any CPU
		{C717EE35-F035-47F6-AF16-44923D43248E}.Release|Any CPU.Build.0 = Release|Any CPU
		{78D79404-0A8D-43B7-A14C-67543D05F399}.Debug|Any CPU.ActiveCfg = Debug|Any CPU
		{78D79404-0A8D-43B7-A14C-67543D05F399}.Debug|Any CPU.Build.0 = Debug|Any CPU
		{78D79404-0A8D-43B7-A14C-67543D05F399}.Release|Any CPU.ActiveCfg = Release|Any CPU
		{78D79404-0A8D-43B7-A14C-67543D05F399}.Release|Any CPU.Build.0 = Release|Any CPU
		{A4A9FFE3-6353-47F2-90D9-D657B32D9146}.Debug|Any CPU.ActiveCfg = Debug|Any CPU
		{A4A9FFE3-6353-47F2-90D9-D657B32D9146}.Debug|Any CPU.Build.0 = Debug|Any CPU
		{A4A9FFE3-6353-47F2-90D9-D657B32D9146}.Release|Any CPU.ActiveCfg = Release|Any CPU
		{A4A9FFE3-6353-47F2-90D9-D657B32D9146}.Release|Any CPU.Build.0 = Release|Any CPU
		{52BED410-5089-402F-9D1A-ED8EB2F2B912}.Debug|Any CPU.ActiveCfg = Debug|Any CPU
		{52BED410-5089-402F-9D1A-ED8EB2F2B912}.Debug|Any CPU.Build.0 = Debug|Any CPU
		{52BED410-5089-402F-9D1A-ED8EB2F2B912}.Release|Any CPU.ActiveCfg = Release|Any CPU
		{52BED410-5089-402F-9D1A-ED8EB2F2B912}.Release|Any CPU.Build.0 = Release|Any CPU
		{DE9A5886-4270-4493-99D0-DB94BBF1D4AB}.Debug|Any CPU.ActiveCfg = Debug|Any CPU
		{DE9A5886-4270-4493-99D0-DB94BBF1D4AB}.Debug|Any CPU.Build.0 = Debug|Any CPU
		{DE9A5886-4270-4493-99D0-DB94BBF1D4AB}.Release|Any CPU.ActiveCfg = Release|Any CPU
		{DE9A5886-4270-4493-99D0-DB94BBF1D4AB}.Release|Any CPU.Build.0 = Release|Any CPU
		{7B1BEE82-257F-44AE-9BCF-36009783D3FE}.Debug|Any CPU.ActiveCfg = Debug|Any CPU
		{7B1BEE82-257F-44AE-9BCF-36009783D3FE}.Debug|Any CPU.Build.0 = Debug|Any CPU
		{7B1BEE82-257F-44AE-9BCF-36009783D3FE}.Release|Any CPU.ActiveCfg = Release|Any CPU
		{7B1BEE82-257F-44AE-9BCF-36009783D3FE}.Release|Any CPU.Build.0 = Release|Any CPU
		{C19E1C87-ED46-494F-9D68-4A6981C547B1}.Debug|Any CPU.ActiveCfg = Debug|Any CPU
		{C19E1C87-ED46-494F-9D68-4A6981C547B1}.Debug|Any CPU.Build.0 = Debug|Any CPU
		{C19E1C87-ED46-494F-9D68-4A6981C547B1}.Release|Any CPU.ActiveCfg = Release|Any CPU
		{C19E1C87-ED46-494F-9D68-4A6981C547B1}.Release|Any CPU.Build.0 = Release|Any CPU
	EndGlobalSection
	GlobalSection(SolutionProperties) = preSolution
		HideSolutionNode = FALSE
	EndGlobalSection
	GlobalSection(NestedProjects) = preSolution
		{E9F10BBC-1750-47E8-92F5-8E900E7C9045} = {D0FE2664-0A90-4F69-9EB0-3BC295C878C1}
		{209F344F-E65C-4535-8E4F-0C25435417AF} = {D0FE2664-0A90-4F69-9EB0-3BC295C878C1}
		{FE383C3F-B193-4F67-8B84-50ED1C01B796} = {BECD7675-1B82-4D0B-8F5E-584191139CBA}
		{6777032D-7FA9-4D81-BEE1-F84ED978A373} = {BECD7675-1B82-4D0B-8F5E-584191139CBA}
		{A0AF34D7-14FE-4B79-BD88-77AC7A3DD7F2} = {BECD7675-1B82-4D0B-8F5E-584191139CBA}
		{C717EE35-F035-47F6-AF16-44923D43248E} = {BECD7675-1B82-4D0B-8F5E-584191139CBA}
		{78D79404-0A8D-43B7-A14C-67543D05F399} = {D5E9AD36-89EF-41E1-9E09-DE9620763291}
		{A4A9FFE3-6353-47F2-90D9-D657B32D9146} = {D5E9AD36-89EF-41E1-9E09-DE9620763291}
		{52BED410-5089-402F-9D1A-ED8EB2F2B912} = {D5E9AD36-89EF-41E1-9E09-DE9620763291}
		{DE9A5886-4270-4493-99D0-DB94BBF1D4AB} = {D5E9AD36-89EF-41E1-9E09-DE9620763291}
		{7B1BEE82-257F-44AE-9BCF-36009783D3FE} = {C855255E-AF4D-4848-8B4D-223F524344B4}
		{C19E1C87-ED46-494F-9D68-4A6981C547B1} = {C855255E-AF4D-4848-8B4D-223F524344B4}
	EndGlobalSection
	GlobalSection(ExtensibilityGlobals) = postSolution
		SolutionGuid = {035CA1EF-B529-45A6-ACD0-CDCF9D3659E6}
	EndGlobalSection
EndGlobal
